
Microsoft Visual Studio Solution File, Format Version 12.00
# Visual Studio 15
VisualStudioVersion = 15.0.27130.2027
MinimumVisualStudioVersion = 10.0.40219.1
Project("{FAE04EC0-301F-11D3-BF4B-00C04F79EFBC}") = "AspNetCoreVideo", "AspNetCoreVideo\AspNetCoreVideo.csproj", "{B97DA805-AE1B-4681-B716-E926ADD806EF}"
EndProject
Global
	GlobalSection(SolutionConfigurationPlatforms) = preSolution
		Debug|Any CPU = Debug|Any CPU
		Release|Any CPU = Release|Any CPU
	EndGlobalSection
	GlobalSection(ProjectConfigurationPlatforms) = postSolution
		{B97DA805-AE1B-4681-B716-E926ADD806EF}.Debug|Any CPU.ActiveCfg = Debug|Any CPU
		{B97DA805-AE1B-4681-B716-E926ADD806EF}.Debug|Any CPU.Build.0 = Debug|Any CPU
		{B97DA805-AE1B-4681-B716-E926ADD806EF}.Release|Any CPU.ActiveCfg = Release|Any CPU
		{B97DA805-AE1B-4681-B716-E926ADD806EF}.Release|Any CPU.Build.0 = Release|Any CPU
	EndGlobalSection
	GlobalSection(SolutionProperties) = preSolution
		HideSolutionNode = FALSE
	EndGlobalSection
	GlobalSection(ExtensibilityGlobals) = postSolution
		SolutionGuid = {05A3C223-D5F8-4F30-A30E-55DEA32043F0}
	EndGlobalSection
EndGlobal
